{
  "nodes": {
    "flake-parts": {
      "inputs": {
        "nixpkgs-lib": [
          "nixpkgs"
        ]
      },
      "locked": {
        "lastModified": 1736143030,
        "narHash": "sha256-+hu54pAoLDEZT9pjHlqL9DNzWz0NbUn8NEAHP7PQPzU=",
        "owner": "hercules-ci",
        "repo": "flake-parts",
        "rev": "b905f6fc23a9051a6e1b741e1438dbfc0634c6de",
        "type": "github"
      },
      "original": {
        "owner": "hercules-ci",
        "repo": "flake-parts",
        "type": "github"
      }
    },
    "flake-utils": {
      "locked": {
        "lastModified": 1659877975,
        "narHash": "sha256-zllb8aq3YO3h8B/U0/J1WBgAL8EX5yWf5pMj3G0NAmc=",
        "owner": "numtide",
        "repo": "flake-utils",
        "rev": "c0e246b9b83f637f4681389ecabcb2681b4f3af0",
        "type": "github"
      },
      "original": {
        "owner": "numtide",
        "repo": "flake-utils",
        "type": "github"
      }
    },
    "flake-utils_2": {
      "locked": {
        "lastModified": 1667395993,
        "narHash": "sha256-nuEHfE/LcWyuSWnS8t12N1wc105Qtau+/OdUAjtQ0rA=",
        "owner": "numtide",
        "repo": "flake-utils",
        "rev": "5aed5285a952e0b949eb3ba02c12fa4fcfef535f",
        "type": "github"
      },
      "original": {
        "owner": "numtide",
        "repo": "flake-utils",
        "type": "github"
      }
    },
    "flatpak": {
      "locked": {
        "lastModified": 1738175805,
        "narHash": "sha256-fPjaARmK522JLJ7wxFebxG4eE/3HHSmuAA78iAZ+A7g=",
        "owner": "gmodena",
        "repo": "nix-flatpak",
        "rev": "d4c75a33c4a7a16bf87cfd804fb5444a1ec53d49",
        "type": "github"
      },
      "original": {
        "owner": "gmodena",
        "repo": "nix-flatpak",
        "type": "github"
      }
    },
    "home-manager": {
      "inputs": {
        "nixpkgs": [
          "nixpkgs"
        ]
      },
      "locked": {
        "lastModified": 1738275749,
        "narHash": "sha256-PM+cGduJ05EZ+YXulqAwUFjvfKpPmW080mcuN6R1POw=",
        "owner": "nix-community",
        "repo": "home-manager",
        "rev": "a8159195bfaef3c64df75d3b1e6a68d49d392be9",
        "type": "github"
      },
      "original": {
        "owner": "nix-community",
        "repo": "home-manager",
        "type": "github"
      }
    },
    "home-manager-parts": {
      "locked": {
        "lastModified": 1701298659,
        "narHash": "sha256-ErH1ipzgPEyz3YI+NGutRUfRFZHyk1LGKnH8uTRpE/4=",
        "owner": "berkeleytrue",
        "repo": "home-manager-parts",
        "rev": "60f7b35eb72a2ec223bc162d64364928e6c69678",
        "type": "github"
      },
      "original": {
        "owner": "berkeleytrue",
        "repo": "home-manager-parts",
        "type": "github"
      }
    },
    "nixgl": {
      "inputs": {
        "flake-utils": "flake-utils",
        "nixpkgs": [
          "nixpkgs"
        ]
      },
      "locked": {
        "lastModified": 1713543440,
        "narHash": "sha256-lnzZQYG0+EXl/6NkGpyIz+FEOc/DSEG57AP1VsdeNrM=",
        "owner": "guibou",
        "repo": "nixGL",
        "rev": "310f8e49a149e4c9ea52f1adf70cdc768ec53f8a",
        "type": "github"
      },
      "original": {
        "owner": "guibou",
        "repo": "nixGL",
        "type": "github"
      }
    },
    "nixpkgs": {
      "locked": {
        "lastModified": 1738142207,
        "narHash": "sha256-NGqpVVxNAHwIicXpgaVqJEJWeyqzoQJ9oc8lnK9+WC4=",
        "owner": "nixOS",
        "repo": "nixpkgs",
        "rev": "9d3ae807ebd2981d593cddd0080856873139aa40",
        "type": "github"
      },
      "original": {
        "owner": "nixOS",
        "ref": "nixos-unstable",
        "repo": "nixpkgs",
        "type": "github"
      }
    },
    "parinfer-rust": {
      "inputs": {
        "flake-utils": "flake-utils_2",
        "nixpkgs": [
          "nixpkgs"
        ]
      },
      "locked": {
        "lastModified": 1671117934,
        "narHash": "sha256-Arov9zVsnz+JPdbFTZ7z7/la3/CoWdngMAU7OtbHjqQ=",
        "owner": "PhilTaken",
        "repo": "parinfer-rust",
        "rev": "0f39e044dd621162a1a0c594f71b5f70fe3e8670",
        "type": "github"
      },
      "original": {
        "owner": "PhilTaken",
        "repo": "parinfer-rust",
        "type": "github"
      }
    },
    "root": {
      "inputs": {
        "flake-parts": "flake-parts",
        "flatpak": "flatpak",
        "home-manager": "home-manager",
        "home-manager-parts": "home-manager-parts",
        "nixgl": "nixgl",
        "nixpkgs": "nixpkgs",
        "parinfer-rust": "parinfer-rust"
      }
    }
  },
  "root": "root",
  "version": 7
}
