# This file was autogenerated by Stack.
# You should not edit this file by hand.
# For more information, please see the documentation at:
#   https://docs.haskellstack.org/en/stable/lock_files

packages:
- completed:
    hackage: taffybar-4.0.0@sha256:667ccc958f6d793d3c4cdee3578f8586387ff3c86df02bee0ce130e115b1329b,7029
    pantry-tree:
      sha256: 38867928e5d44a3af92cedd5b3ada01101e4724ae1dff0e6951244cccc626bff
      size: 6032
  original:
    hackage: taffybar-4.0.0@sha256:667ccc958f6d793d3c4cdee3578f8586387ff3c86df02bee0ce130e115b1329b,7029
- completed:
    hackage: rate-limit-1.4.3@sha256:ede2fd61c08dd6bc1849a5ca777baf5b68476f33e57cca40bc7c742603969f06,963
    pantry-tree:
      sha256: 6480053663ee9e6e2f54534e7ca734f4d8d511e71ee42831e42ce106d54344ca
      size: 168
  original:
    hackage: rate-limit-1.4.3@sha256:ede2fd61c08dd6bc1849a5ca777baf5b68476f33e57cca40bc7c742603969f06,963
snapshots:
- completed:
    sha256: 17870c63f8041ac17a38096124abeb953cb14d84bfc96deb88f9b24daa97b347
    size: 649332
    url: https://raw.githubusercontent.com/commercialhaskell/stackage-snapshots/master/lts/20/10.yaml
  original: lts-20.10
