# This file was autogenerated by Stack.
# You should not edit this file by hand.
# For more information, please see the documentation at:
#   https://docs.haskellstack.org/en/stable/lock_files

packages:
- completed:
    pantry-tree:
      sha256: 42a57a2db0d8b44e04a04905ed56994b7293d2f244595bf3e65480c36d114ac3
      size: 1598
    hackage: netlink-1.1.1.0@sha256:d83424b5ba9921191449e4b1f53c7cba7f4375f2c55a9b737c77e982e1f40d00,3689
  original:
    hackage: netlink-1.1.1.0@sha256:d83424b5ba9921191449e4b1f53c7cba7f4375f2c55a9b737c77e982e1f40d00,3689
- completed:
    pantry-tree:
      sha256: 38ebc2a2423c7bab2aedd7eada874b24a1089bce1392e94bec0859f9082466a3
      size: 2860
    hackage: X11-1.10@sha256:ed01fba28081d6922462c2727a9a2e71f8ec3d962ed18963eee0c770558817d9,3703
  original:
    hackage: X11-1.10@sha256:ed01fba28081d6922462c2727a9a2e71f8ec3d962ed18963eee0c770558817d9,3703
snapshots:
- completed:
    sha256: 428ec8d5ce932190d3cbe266b9eb3c175cd81e984babf876b64019e2cbe4ea68
    size: 590100
    url: https://raw.githubusercontent.com/commercialhaskell/stackage-snapshots/master/lts/18/28.yaml
  original:
    url: https://raw.githubusercontent.com/commercialhaskell/stackage-snapshots/master/lts/18/28.yaml
