# This file was autogenerated by Stack.
# You should not edit this file by hand.
# For more information, please see the documentation at:
#   https://docs.haskellstack.org/en/stable/lock_files

packages:
- completed:
    hackage: netlink-1.1.1.0@sha256:d83424b5ba9921191449e4b1f53c7cba7f4375f2c55a9b737c77e982e1f40d00,3689
    pantry-tree:
      sha256: 42a57a2db0d8b44e04a04905ed56994b7293d2f244595bf3e65480c36d114ac3
      size: 1598
  original:
    hackage: netlink-1.1.1.0@sha256:d83424b5ba9921191449e4b1f53c7cba7f4375f2c55a9b737c77e982e1f40d00,3689
- completed:
    hackage: X11-1.10@sha256:ed01fba28081d6922462c2727a9a2e71f8ec3d962ed18963eee0c770558817d9,3703
    pantry-tree:
      sha256: 38ebc2a2423c7bab2aedd7eada874b24a1089bce1392e94bec0859f9082466a3
      size: 2860
  original:
    hackage: X11-1.10@sha256:ed01fba28081d6922462c2727a9a2e71f8ec3d962ed18963eee0c770558817d9,3703
snapshots:
- completed:
    sha256: bfafe5735ccb74527d754b1f9999ded72d7c3a6c3a88529449661431ccfbd6cc
    size: 649327
    url: https://raw.githubusercontent.com/commercialhaskell/stackage-snapshots/master/lts/20/8.yaml
  original:
    url: https://raw.githubusercontent.com/commercialhaskell/stackage-snapshots/master/lts/20/8.yaml
