{
  "nodes": {
    "home-manager": {
      "inputs": {
        "nixpkgs": [
          "nixpkgs"
        ]
      },
      "locked": {
        "lastModified": 1688220547,
        "narHash": "sha256-cNKKLPaEOxd6t22Mt3tHGubyylbKGdoi2A3QkMTKes0=",
        "owner": "nix-community",
        "repo": "home-manager",
        "rev": "89d10f8adce369a80e046c2fd56d1e7b7507bb5b",
        "type": "github"
      },
      "original": {
        "owner": "nix-community",
        "repo": "home-manager",
        "type": "github"
      }
    },
    "nixpkgs": {
      "locked": {
        "lastModified": 1688049487,
        "narHash": "sha256-100g4iaKC9MalDjUW9iN6Jl/OocTDtXdeAj7pEGIRh4=",
        "owner": "nixOS",
        "repo": "nixpkgs",
        "rev": "4bc72cae107788bf3f24f30db2e2f685c9298dc9",
        "type": "github"
      },
      "original": {
        "owner": "nixOS",
        "ref": "nixos-unstable",
        "repo": "nixpkgs",
        "type": "github"
      }
    },
    "nur": {
      "locked": {
        "lastModified": 1688233541,
        "narHash": "sha256-LIHC9zdP+NqKb+gD82sZzySY/5qgPWYlPkPVQfQtWB4=",
        "owner": "nix-community",
        "repo": "NUR",
        "rev": "ff8dec8bb2b9be6e714a7762bdddb64d27e81bf2",
        "type": "github"
      },
      "original": {
        "owner": "nix-community",
        "repo": "NUR",
        "type": "github"
      }
    },
    "root": {
      "inputs": {
        "home-manager": "home-manager",
        "nixpkgs": "nixpkgs",
        "nur": "nur"
      }
    }
  },
  "root": "root",
  "version": 7
}
